{
    "_readme": [
        "This file locks the dependencies of your project to a known state",
        "Read more about it at https://getcomposer.org/doc/01-basic-usage.md#installing-dependencies",
        "This file is @generated automatically"
    ],
    "content-hash": "87cbe3ac2a5735f487d5c95107a9bf51",
    "packages": [
        {
            "name": "opis/string",
            "version": "2.1.0",
            "source": {
                "type": "git",
                "url": "https://github.com/opis/string.git",
                "reference": "3e4d2aaff518ac518530b89bb26ed40f4503635e"
            },
            "dist": {
                "type": "zip",
                "url": "https://api.github.com/repos/opis/string/zipball/3e4d2aaff518ac518530b89bb26ed40f4503635e",
                "reference": "3e4d2aaff518ac518530b89bb26ed40f4503635e",
                "shasum": ""
            },
            "require": {
                "ext-iconv": "*",
                "ext-json": "*",
                "php": "^7.4 || ^8.0"
            },
            "require-dev": {
                "phpunit/phpunit": "^9.0"
            },
            "type": "library",
            "extra": {
                "branch-alias": {
                    "dev-master": "2.x-dev"
                }
            },
            "autoload": {
                "psr-4": {
                    "Opis\\String\\": "src/"
                }
            },
            "notification-url": "https://packagist.org/downloads/",
            "license": [
                "Apache-2.0"
            ],
            "authors": [
                {
                    "name": "Marius Sarca",
                    "email": "marius.sarca@gmail.com"
                },
                {
                    "name": "Sorin Sarca",
                    "email": "sarca_sorin@hotmail.com"
                }
            ],
            "description": "Multibyte strings as objects",
            "homepage": "https://opis.io/string",
            "keywords": [
                "multi-byte",
                "opis",
                "string",
                "string manipulation",
                "utf-8"
            ],
            "support": {
                "issues": "https://github.com/opis/string/issues",
                "source": "https://github.com/opis/string/tree/2.1.0"
            },
            "time": "2025-10-17T12:38:41+00:00"
        }
    ],
    "packages-dev": [
        {
            "name": "league/event",
            "version": "3.0.3",
            "source": {
                "type": "git",
                "url": "https://github.com/thephpleague/event.git",
                "reference": "ec38ff7ea10cad7d99a79ac937fbcffb9334c210"
            },
            "dist": {
                "type": "zip",
                "url": "https://api.github.com/repos/thephpleague/event/zipball/ec38ff7ea10cad7d99a79ac937fbcffb9334c210",
                "reference": "ec38ff7ea10cad7d99a79ac937fbcffb9334c210",
                "shasum": ""
            },
            "require": {
                "php": ">=7.2.0",
                "psr/event-dispatcher": "^1.0"
            },
            "provide": {
                "psr/event-dispatcher-implementation": "1.0"
            },
            "require-dev": {
                "friendsofphp/php-cs-fixer": "^2.16",
                "phpstan/phpstan": "^0.12.45",
                "phpunit/phpunit": "^8.5"
            },
            "type": "library",
            "extra": {
                "branch-alias": {
                    "dev-master": "3.0-dev"
                }
            },
            "autoload": {
                "psr-4": {
                    "League\\Event\\": "src/"
                }
            },
            "notification-url": "https://packagist.org/downloads/",
            "license": [
                "MIT"
            ],
            "authors": [
                {
                    "name": "Frank de Jonge",
                    "email": "info@frenky.net"
                }
            ],
            "description": "Event package",
            "keywords": [
                "emitter",
                "event",
                "listener"
            ],
            "support": {
                "issues": "https://github.com/thephpleague/event/issues",
                "source": "https://github.com/thephpleague/event/tree/3.0.3"
            },
            "time": "2024-09-04T16:06:53+00:00"
        },
        {
            "name": "nette/tester",
            "version": "v2.5.7",
            "source": {
                "type": "git",
                "url": "https://github.com/nette/tester.git",
                "reference": "dc02e7811f3491a72e87538044586cee2f483d58"
            },
            "dist": {
                "type": "zip",
                "url": "https://api.github.com/repos/nette/tester/zipball/dc02e7811f3491a72e87538044586cee2f483d58",
                "reference": "dc02e7811f3491a72e87538044586cee2f483d58",
                "shasum": ""
            },
            "require": {
                "php": "8.0 - 8.5"
            },
            "require-dev": {
                "ext-simplexml": "*",
                "phpstan/phpstan-nette": "^2.0@stable"
            },
            "bin": [
                "src/tester"
            ],
            "type": "library",
            "extra": {
                "branch-alias": {
                    "dev-master": "2.5-dev"
                }
            },
            "autoload": {
                "psr-4": {
                    "Tester\\": "src"
                },
                "classmap": [
                    "src/"
                ]
            },
            "notification-url": "https://packagist.org/downloads/",
            "license": [
                "BSD-3-Clause",
                "GPL-2.0-only",
                "GPL-3.0-only"
            ],
            "authors": [
                {
                    "name": "David Grudl",
                    "homepage": "https://davidgrudl.com"
                },
                {
                    "name": "Miloslav Hůla",
                    "homepage": "https://github.com/milo"
                },
                {
                    "name": "Nette Community",
                    "homepage": "https://nette.org/contributors"
                }
            ],
            "description": "Nette Tester: enjoyable unit testing in PHP with code coverage reporter. 🍏🍏🍎🍏",
            "homepage": "https://tester.nette.org",
            "keywords": [
                "Xdebug",
                "assertions",
                "clover",
                "code coverage",
                "nette",
                "pcov",
                "phpdbg",
                "phpunit",
                "testing",
                "unit"
            ],
            "support": {
                "issues": "https://github.com/nette/tester/issues",
                "source": "https://github.com/nette/tester/tree/v2.5.7"
            },
            "time": "2025-11-22T18:50:53+00:00"
        },
        {
            "name": "psr/event-dispatcher",
            "version": "1.0.0",
            "source": {
                "type": "git",
                "url": "https://github.com/php-fig/event-dispatcher.git",
                "reference": "dbefd12671e8a14ec7f180cab83036ed26714bb0"
            },
            "dist": {
                "type": "zip",
                "url": "https://api.github.com/repos/php-fig/event-dispatcher/zipball/dbefd12671e8a14ec7f180cab83036ed26714bb0",
                "reference": "dbefd12671e8a14ec7f180cab83036ed26714bb0",
                "shasum": ""
            },
            "require": {
                "php": ">=7.2.0"
            },
            "type": "library",
            "extra": {
                "branch-alias": {
                    "dev-master": "1.0.x-dev"
                }
            },
            "autoload": {
                "psr-4": {
                    "Psr\\EventDispatcher\\": "src/"
                }
            },
            "notification-url": "https://packagist.org/downloads/",
            "license": [
                "MIT"
            ],
            "authors": [
                {
                    "name": "PHP-FIG",
                    "homepage": "http://www.php-fig.org/"
                }
            ],
            "description": "Standard interfaces for event handling.",
            "keywords": [
                "events",
                "psr",
                "psr-14"
            ],
            "support": {
                "issues": "https://github.com/php-fig/event-dispatcher/issues",
                "source": "https://github.com/php-fig/event-dispatcher/tree/1.0.0"
            },
            "time": "2019-01-08T18:20:26+00:00"
        }
    ],
    "aliases": [],
    "minimum-stability": "stable",
    "stability-flags": {},
    "prefer-stable": false,
    "prefer-lowest": false,
    "platform": {
        "php": "^8.4",
        "ext-spem": "*",
        "ext-phpsfml": "*"
    },
    "platform-dev": {},
    "plugin-api-version": "2.9.0"
}
