{
    "_readme": [
        "This file locks the dependencies of your project to a known state",
        "Read more about it at https://getcomposer.org/doc/01-basic-usage.md#installing-dependencies",
        "This file is @generated automatically"
    ],
    "content-hash": "8e6f9ad2649218881f2c5b9770196635",
    "packages": [
        {
            "name": "iggyvolz/simple-attribute-reflection",
            "version": "v1.0",
            "source": {
                "type": "git",
                "url": "https://github.com/iggyvolz/SimpleAttributeReflection.git",
                "reference": "c098f2f50c33f96b1a828a0c5c6b2e4df1273c10"
            },
            "dist": {
                "type": "zip",
                "url": "https://api.github.com/repos/iggyvolz/SimpleAttributeReflection/zipball/c098f2f50c33f96b1a828a0c5c6b2e4df1273c10",
                "reference": "c098f2f50c33f96b1a828a0c5c6b2e4df1273c10",
                "shasum": ""
            },
            "require": {
                "php": "^8.0"
            },
            "require-dev": {
                "vimeo/psalm": "^4.8"
            },
            "type": "library",
            "autoload": {
                "psr-4": {
                    "Iggyvolz\\SimpleAttributeReflection\\": "src/"
                }
            },
            "notification-url": "https://packagist.org/downloads/",
            "license": [
                "0BSD"
            ],
            "authors": [
                {
                    "name": "Katie Volz",
                    "email": "iggyvolz@gmail.com"
                }
            ],
            "description": "Simpler reflection for attributes",
            "support": {
                "issues": "https://github.com/iggyvolz/SimpleAttributeReflection/issues",
                "source": "https://github.com/iggyvolz/SimpleAttributeReflection/tree/v1.0"
            },
            "time": "2021-07-08T15:26:12+00:00"
        },
        {
            "name": "roave/dont",
            "version": "1.6.0",
            "source": {
                "type": "git",
                "url": "https://github.com/Roave/Dont.git",
                "reference": "e40b8fbeb9c0b076eedd54dae2e1b27bfad74930"
            },
            "dist": {
                "type": "zip",
                "url": "https://api.github.com/repos/Roave/Dont/zipball/e40b8fbeb9c0b076eedd54dae2e1b27bfad74930",
                "reference": "e40b8fbeb9c0b076eedd54dae2e1b27bfad74930",
                "shasum": ""
            },
            "require": {
                "php": "~8.0.0 || ~8.1.0 || ~8.2.0"
            },
            "require-dev": {
                "infection/infection": "^0.26.16",
                "phpunit/phpunit": "^9.5.26"
            },
            "type": "library",
            "autoload": {
                "psr-4": {
                    "Dont\\": "src/Dont"
                }
            },
            "notification-url": "https://packagist.org/downloads/",
            "license": [
                "MIT"
            ],
            "authors": [
                {
                    "name": "Marco Pivetta",
                    "email": "ocramius@gmail.com",
                    "homepage": "http://ocramius.github.io/"
                }
            ],
            "description": "A small set of traits that can be used to prevent misuse of your objects",
            "homepage": "https://github.com/Roave/Dont",
            "keywords": [
                "defensive programming",
                "strictness"
            ],
            "support": {
                "issues": "https://github.com/Roave/Dont/issues",
                "source": "https://github.com/Roave/Dont/tree/1.6.0"
            },
            "time": "2022-12-06T14:04:48+00:00"
        }
    ],
    "packages-dev": [
        {
            "name": "league/event",
            "version": "3.0.2",
            "source": {
                "type": "git",
                "url": "https://github.com/thephpleague/event.git",
                "reference": "221867a61087ee265ca07bd39aa757879afca820"
            },
            "dist": {
                "type": "zip",
                "url": "https://api.github.com/repos/thephpleague/event/zipball/221867a61087ee265ca07bd39aa757879afca820",
                "reference": "221867a61087ee265ca07bd39aa757879afca820",
                "shasum": ""
            },
            "require": {
                "php": ">=7.2.0",
                "psr/event-dispatcher": "^1.0"
            },
            "provide": {
                "psr/event-dispatcher-implementation": "1.0"
            },
            "require-dev": {
                "friendsofphp/php-cs-fixer": "^2.16",
                "phpstan/phpstan": "^0.12.45",
                "phpunit/phpunit": "^8.5"
            },
            "type": "library",
            "extra": {
                "branch-alias": {
                    "dev-master": "3.0-dev"
                }
            },
            "autoload": {
                "psr-4": {
                    "League\\Event\\": "src/"
                }
            },
            "notification-url": "https://packagist.org/downloads/",
            "license": [
                "MIT"
            ],
            "authors": [
                {
                    "name": "Frank de Jonge",
                    "email": "info@frenky.net"
                }
            ],
            "description": "Event package",
            "keywords": [
                "emitter",
                "event",
                "listener"
            ],
            "support": {
                "issues": "https://github.com/thephpleague/event/issues",
                "source": "https://github.com/thephpleague/event/tree/3.0.2"
            },
            "time": "2022-10-29T09:31:25+00:00"
        },
        {
            "name": "nette/tester",
            "version": "v2.5.0",
            "source": {
                "type": "git",
                "url": "https://github.com/nette/tester.git",
                "reference": "78555c76859208ee049335863e63e357ba71578f"
            },
            "dist": {
                "type": "zip",
                "url": "https://api.github.com/repos/nette/tester/zipball/78555c76859208ee049335863e63e357ba71578f",
                "reference": "78555c76859208ee049335863e63e357ba71578f",
                "shasum": ""
            },
            "require": {
                "php": ">=8.0 <8.3"
            },
            "require-dev": {
                "ext-simplexml": "*",
                "phpstan/phpstan": "^1.0"
            },
            "bin": [
                "src/tester"
            ],
            "type": "library",
            "extra": {
                "branch-alias": {
                    "dev-master": "2.5-dev"
                }
            },
            "autoload": {
                "classmap": [
                    "src/"
                ]
            },
            "notification-url": "https://packagist.org/downloads/",
            "license": [
                "BSD-3-Clause",
                "GPL-2.0-only",
                "GPL-3.0-only"
            ],
            "authors": [
                {
                    "name": "David Grudl",
                    "homepage": "https://davidgrudl.com"
                },
                {
                    "name": "Miloslav Hůla",
                    "homepage": "https://github.com/milo"
                },
                {
                    "name": "Nette Community",
                    "homepage": "https://nette.org/contributors"
                }
            ],
            "description": "Nette Tester: enjoyable unit testing in PHP with code coverage reporter. 🍏🍏🍎🍏",
            "homepage": "https://tester.nette.org",
            "keywords": [
                "Xdebug",
                "assertions",
                "clover",
                "code coverage",
                "nette",
                "pcov",
                "phpdbg",
                "phpunit",
                "testing",
                "unit"
            ],
            "support": {
                "issues": "https://github.com/nette/tester/issues",
                "source": "https://github.com/nette/tester/tree/v2.5.0"
            },
            "time": "2023-03-02T02:14:46+00:00"
        },
        {
            "name": "psr/event-dispatcher",
            "version": "1.0.0",
            "source": {
                "type": "git",
                "url": "https://github.com/php-fig/event-dispatcher.git",
                "reference": "dbefd12671e8a14ec7f180cab83036ed26714bb0"
            },
            "dist": {
                "type": "zip",
                "url": "https://api.github.com/repos/php-fig/event-dispatcher/zipball/dbefd12671e8a14ec7f180cab83036ed26714bb0",
                "reference": "dbefd12671e8a14ec7f180cab83036ed26714bb0",
                "shasum": ""
            },
            "require": {
                "php": ">=7.2.0"
            },
            "type": "library",
            "extra": {
                "branch-alias": {
                    "dev-master": "1.0.x-dev"
                }
            },
            "autoload": {
                "psr-4": {
                    "Psr\\EventDispatcher\\": "src/"
                }
            },
            "notification-url": "https://packagist.org/downloads/",
            "license": [
                "MIT"
            ],
            "authors": [
                {
                    "name": "PHP-FIG",
                    "homepage": "http://www.php-fig.org/"
                }
            ],
            "description": "Standard interfaces for event handling.",
            "keywords": [
                "events",
                "psr",
                "psr-14"
            ],
            "support": {
                "issues": "https://github.com/php-fig/event-dispatcher/issues",
                "source": "https://github.com/php-fig/event-dispatcher/tree/1.0.0"
            },
            "time": "2019-01-08T18:20:26+00:00"
        }
    ],
    "aliases": [],
    "minimum-stability": "stable",
    "stability-flags": [],
    "prefer-stable": false,
    "prefer-lowest": false,
    "platform": {
        "php": "^8.2",
        "ext-ffi": "*",
        "ext-mbstring": "*"
    },
    "platform-dev": [],
    "plugin-api-version": "2.3.0"
}
